
Microsoft Visual Studio Solution File, Format Version 12.00
# Visual Studio Version 16
VisualStudioVersion = 16.0.31729.503
MinimumVisualStudioVersion = 10.0.40219.1
Project("{FAE04EC0-301F-11D3-BF4B-00C04F79EFBC}") = "AddressMicroservice", "AddressMicroservice\AddressMicroservice.csproj", "{3DF0A14C-AA18-4C04-8E69-6C3772D7D4B4}"
EndProject
Global
	GlobalSection(SolutionConfigurationPlatforms) = preSolution
		Debug|Any CPU = Debug|Any CPU
		Release|Any CPU = Release|Any CPU
	EndGlobalSection
	GlobalSection(ProjectConfigurationPlatforms) = postSolution
		{3DF0A14C-AA18-4C04-8E69-6C3772D7D4B4}.Debug|Any CPU.ActiveCfg = Debug|Any CPU
		{3DF0A14C-AA18-4C04-8E69-6C3772D7D4B4}.Debug|Any CPU.Build.0 = Debug|Any CPU
		{3DF0A14C-AA18-4C04-8E69-6C3772D7D4B4}.Release|Any CPU.ActiveCfg = Release|Any CPU
		{3DF0A14C-AA18-4C04-8E69-6C3772D7D4B4}.Release|Any CPU.Build.0 = Release|Any CPU
	EndGlobalSection
	GlobalSection(SolutionProperties) = preSolution
		HideSolutionNode = FALSE
	EndGlobalSection
	GlobalSection(ExtensibilityGlobals) = postSolution
		SolutionGuid = {FBD9D1DB-AA28-47A3-9820-C82505DCCC0E}
	EndGlobalSection
EndGlobal
