
Microsoft Visual Studio Solution File, Format Version 12.00
# Visual Studio Version 16
VisualStudioVersion = 16.0.31729.503
MinimumVisualStudioVersion = 10.0.40219.1
Project("{9A19103F-16F7-4668-BE54-9A1E7A4F7556}") = "DocumentMicroservice", "DocumentMicroservice\DocumentMicroservice.csproj", "{0219C5F5-555B-4720-986D-0C85C0D7B167}"
EndProject
Project("{9A19103F-16F7-4668-BE54-9A1E7A4F7556}") = "PublicBiddingRegistrationMicroservice", "PublicBiddingRegistrationMicroservice\PublicBiddingRegistrationMicroservice.csproj", "{9EA1635B-5A71-4353-8EEE-2327973008A2}"
EndProject
Global
	GlobalSection(SolutionConfigurationPlatforms) = preSolution
		Debug|Any CPU = Debug|Any CPU
		Release|Any CPU = Release|Any CPU
	EndGlobalSection
	GlobalSection(ProjectConfigurationPlatforms) = postSolution
		{0219C5F5-555B-4720-986D-0C85C0D7B167}.Debug|Any CPU.ActiveCfg = Debug|Any CPU
		{0219C5F5-555B-4720-986D-0C85C0D7B167}.Debug|Any CPU.Build.0 = Debug|Any CPU
		{0219C5F5-555B-4720-986D-0C85C0D7B167}.Release|Any CPU.ActiveCfg = Release|Any CPU
		{0219C5F5-555B-4720-986D-0C85C0D7B167}.Release|Any CPU.Build.0 = Release|Any CPU
		{9EA1635B-5A71-4353-8EEE-2327973008A2}.Debug|Any CPU.ActiveCfg = Debug|Any CPU
		{9EA1635B-5A71-4353-8EEE-2327973008A2}.Debug|Any CPU.Build.0 = Debug|Any CPU
		{9EA1635B-5A71-4353-8EEE-2327973008A2}.Release|Any CPU.ActiveCfg = Release|Any CPU
		{9EA1635B-5A71-4353-8EEE-2327973008A2}.Release|Any CPU.Build.0 = Release|Any CPU
	EndGlobalSection
	GlobalSection(SolutionProperties) = preSolution
		HideSolutionNode = FALSE
	EndGlobalSection
	GlobalSection(ExtensibilityGlobals) = postSolution
		SolutionGuid = {2031D0CA-7979-48C6-95F9-2F8B13F81217}
	EndGlobalSection
EndGlobal
