
Microsoft Visual Studio Solution File, Format Version 12.00
# Visual Studio Version 16
VisualStudioVersion = 16.0.31729.503
MinimumVisualStudioVersion = 10.0.40219.1
Project("{FAE04EC0-301F-11D3-BF4B-00C04F79EFBC}") = "LoggerMicroservice", "LoggerMicroservice\LoggerMicroservice.csproj", "{1E6B9484-DDFC-4707-B172-D9E9BFEA415B}"
EndProject
Global
	GlobalSection(SolutionConfigurationPlatforms) = preSolution
		Debug|Any CPU = Debug|Any CPU
		Release|Any CPU = Release|Any CPU
	EndGlobalSection
	GlobalSection(ProjectConfigurationPlatforms) = postSolution
		{1E6B9484-DDFC-4707-B172-D9E9BFEA415B}.Debug|Any CPU.ActiveCfg = Debug|Any CPU
		{1E6B9484-DDFC-4707-B172-D9E9BFEA415B}.Debug|Any CPU.Build.0 = Debug|Any CPU
		{1E6B9484-DDFC-4707-B172-D9E9BFEA415B}.Release|Any CPU.ActiveCfg = Release|Any CPU
		{1E6B9484-DDFC-4707-B172-D9E9BFEA415B}.Release|Any CPU.Build.0 = Release|Any CPU
	EndGlobalSection
	GlobalSection(SolutionProperties) = preSolution
		HideSolutionNode = FALSE
	EndGlobalSection
	GlobalSection(ExtensibilityGlobals) = postSolution
		SolutionGuid = {075FCC64-D8AF-41DB-BC41-3F65A8D5B6AB}
	EndGlobalSection
EndGlobal
